<?xml version="1.0" encoding="utf-8"?>
<Project ToolsVersion="4.0" xmlns="http://schemas.microsoft.com/developer/msbuild/2003">
  <ItemGroup>
    <ClCompile Include="Background.cpp" />
    <ClCompile Include="Camera.cpp" />
    <ClCompile Include="Coin.cpp" />
    <ClCompile Include="Collider.cpp" />
    <ClCompile Include="ColliderManager.cpp" />
    <ClCompile Include="CollisionDetectionComponent.cpp" />
    <ClCompile Include="Component.cpp" />
    <ClCompile Include="Font.cpp" />
    <ClCompile Include="game.cpp" />
    <ClCompile Include="GameObject.cpp" />
    <ClCompile Include="Goomba.cpp" />
    <ClCompile Include="graphics.cpp" />
    <ClCompile Include="image.cpp" />
    <ClCompile Include="input.cpp" />
    <ClCompile Include="InputComponent.cpp" />
    <ClCompile Include="LevelOne.cpp" />
    <ClCompile Include="MainMenuScreen.cpp" />
    <ClCompile Include="MapGenerator.cpp" />
    <ClCompile Include="Mario.cpp" />
    <ClCompile Include="NotSoSuperMario.cpp" />
    <ClCompile Include="PhysicsComponent.cpp" />
    <ClCompile Include="Scene.cpp" />
    <ClCompile Include="ScoreManager.cpp" />
    <ClCompile Include="spacewar.cpp" />
    <ClCompile Include="Sprite.cpp" />
    <ClCompile Include="TestObject.cpp" />
    <ClCompile Include="textureManager.cpp" />
    <ClCompile Include="winmain.cpp" />
    <ClCompile Include="pausedMenu.cpp" />
    <ClCompile Include="KoopaTroopa.cpp" />
    <ClCompile Include="BouncyPlatform.cpp" />
    <ClCompile Include="Flag.cpp" />
    <ClCompile Include="Mushroom.cpp" />
    <ClCompile Include="QuestionMarkBlock.cpp" />
  </ItemGroup>
  <ItemGroup>
    <ClInclude Include="Background.h" />
    <ClInclude Include="Camera.h" />
    <ClInclude Include="Coin.h" />
    <ClInclude Include="Collider.h" />
    <ClInclude Include="ColliderManager.h" />
    <ClInclude Include="CollisionDetectionComponent.h" />
    <ClInclude Include="CollisionResolutionComponent.h" />
    <ClInclude Include="Component.h" />
    <ClInclude Include="constants.h" />
    <ClInclude Include="Font.h" />
    <ClInclude Include="game.h" />
    <ClInclude Include="gameError.h" />
    <ClInclude Include="GameObject.h" />
    <ClInclude Include="Goomba.h" />
    <ClInclude Include="graphics.h" />
    <ClInclude Include="image.h" />
    <ClInclude Include="input.h" />
    <ClInclude Include="InputComponent.h" />
    <ClInclude Include="LevelOne.h" />
    <ClInclude Include="MainMenuScreen.h" />
    <ClInclude Include="MapGenerator.h" />
    <ClInclude Include="Mario.h" />
    <ClInclude Include="NotSoSuperMario.h" />
    <ClInclude Include="PhysicsComponent.h" />
    <ClInclude Include="Scene.h" />
    <ClInclude Include="ScoreManager.h" />
    <ClInclude Include="spacewar.h" />
    <ClInclude Include="Sprite.h" />
    <ClInclude Include="TestObject.h" />
    <ClInclude Include="textureManager.h" />
    <ClInclude Include="Vec2.h" />
    <ClInclude Include="pausedMenu.h" />
    <ClInclude Include="KoopaTroopa.h" />
    <ClInclude Include="BouncyPlatform.h" />
    <ClInclude Include="flag.h" />
    <ClInclude Include="Mushroom.h" />
    <ClInclude Include="QuestionMarkBlock.h" />
  </ItemGroup>
</Project>