<?xml version="1.0" encoding="utf-8"?>
<Project ToolsVersion="4.0" xmlns="http://schemas.microsoft.com/developer/msbuild/2003">
  <ItemGroup>
    <ClCompile Include="Background.cpp">
      <Filter>Source</Filter>
    </ClCompile>
    <ClCompile Include="Camera.cpp">
      <Filter>Source</Filter>
    </ClCompile>
    <ClCompile Include="Coin.cpp">
      <Filter>Source</Filter>
    </ClCompile>
    <ClCompile Include="Collider.cpp">
      <Filter>Source</Filter>
    </ClCompile>
    <ClCompile Include="ColliderManager.cpp">
      <Filter>Source</Filter>
    </ClCompile>
    <ClCompile Include="CollisionDetectionComponent.cpp">
      <Filter>Source</Filter>
    </ClCompile>
    <ClCompile Include="Component.cpp">
      <Filter>Source</Filter>
    </ClCompile>
    <ClCompile Include="Font.cpp">
      <Filter>Source</Filter>
    </ClCompile>
    <ClCompile Include="game.cpp">
      <Filter>Source</Filter>
    </ClCompile>
    <ClCompile Include="GameObject.cpp">
      <Filter>Source</Filter>
    </ClCompile>
    <ClCompile Include="Goomba.cpp">
      <Filter>Source</Filter>
    </ClCompile>
    <ClCompile Include="graphics.cpp">
      <Filter>Source</Filter>
    </ClCompile>
    <ClCompile Include="image.cpp">
      <Filter>Source</Filter>
    </ClCompile>
    <ClCompile Include="input.cpp">
      <Filter>Source</Filter>
    </ClCompile>
    <ClCompile Include="InputComponent.cpp">
      <Filter>Source</Filter>
    </ClCompile>
    <ClCompile Include="LevelOne.cpp">
      <Filter>Source</Filter>
    </ClCompile>
    <ClCompile Include="MainMenuScreen.cpp">
      <Filter>Source</Filter>
    </ClCompile>
    <ClCompile Include="MapGenerator.cpp">
      <Filter>Source</Filter>
    </ClCompile>
    <ClCompile Include="NotSoSuperMario.cpp">
      <Filter>Source</Filter>
    </ClCompile>
    <ClCompile Include="Mario.cpp">
      <Filter>Source</Filter>
    </ClCompile>
    <ClCompile Include="PhysicsComponent.cpp">
      <Filter>Source</Filter>
    </ClCompile>
    <ClCompile Include="Scene.cpp">
      <Filter>Source</Filter>
    </ClCompile>
    <ClCompile Include="ScoreManager.cpp">
      <Filter>Source</Filter>
    </ClCompile>
    <ClCompile Include="spacewar.cpp">
      <Filter>Source</Filter>
    </ClCompile>
    <ClCompile Include="Sprite.cpp">
      <Filter>Source</Filter>
    </ClCompile>
    <ClCompile Include="TestObject.cpp">
      <Filter>Source</Filter>
    </ClCompile>
    <ClCompile Include="textureManager.cpp">
      <Filter>Source</Filter>
    </ClCompile>
    <ClCompile Include="winmain.cpp">
      <Filter>Source</Filter>
    </ClCompile>
    <ClCompile Include="SaveMario.cpp" />
    <ClCompile Include="LoadMario.cpp" />
    <ClCompile Include="MarioGhost.cpp" />
    <ClCompile Include="LevelSelect.cpp" />
    <ClCompile Include="LevelEditor.cpp" />
  </ItemGroup>
  <ItemGroup>
    <ClInclude Include="constants.h">
      <Filter>Base</Filter>
    </ClInclude>
    <ClInclude Include="game.h">
      <Filter>Base</Filter>
    </ClInclude>
    <ClInclude Include="gameError.h">
      <Filter>Base</Filter>
    </ClInclude>
    <ClInclude Include="graphics.h">
      <Filter>Base</Filter>
    </ClInclude>
    <ClInclude Include="image.h">
      <Filter>Base</Filter>
    </ClInclude>
    <ClInclude Include="input.h">
      <Filter>Base</Filter>
    </ClInclude>
    <ClInclude Include="spacewar.h">
      <Filter>Base</Filter>
    </ClInclude>
    <ClInclude Include="textureManager.h">
      <Filter>Base</Filter>
    </ClInclude>
    <ClInclude Include="Background.h">
      <Filter>AddedHeaders</Filter>
    </ClInclude>
    <ClInclude Include="Camera.h">
      <Filter>AddedHeaders</Filter>
    </ClInclude>
    <ClInclude Include="Collider.h">
      <Filter>AddedHeaders</Filter>
    </ClInclude>
    <ClInclude Include="Font.h">
      <Filter>AddedHeaders</Filter>
    </ClInclude>
    <ClInclude Include="NotSoSuperMario.h">
      <Filter>AddedHeaders</Filter>
    </ClInclude>
    <ClInclude Include="Sprite.h">
      <Filter>AddedHeaders</Filter>
    </ClInclude>
    <ClInclude Include="Vec2.h">
      <Filter>AddedHeaders</Filter>
    </ClInclude>
    <ClInclude Include="Scene.h">
      <Filter>AddedHeaders\Scenes</Filter>
    </ClInclude>
    <ClInclude Include="LevelOne.h">
      <Filter>AddedHeaders\Scenes</Filter>
    </ClInclude>
    <ClInclude Include="MainMenuScreen.h">
      <Filter>AddedHeaders\Scenes</Filter>
    </ClInclude>
    <ClInclude Include="Coin.h">
      <Filter>AddedHeaders\GameObjects</Filter>
    </ClInclude>
    <ClInclude Include="Goomba.h">
      <Filter>AddedHeaders\GameObjects</Filter>
    </ClInclude>
    <ClInclude Include="TestObject.h">
      <Filter>AddedHeaders\GameObjects</Filter>
    </ClInclude>
    <ClInclude Include="Mario.h">
      <Filter>AddedHeaders\GameObjects</Filter>
    </ClInclude>
    <ClInclude Include="MarioGhost.h">
      <Filter>AddedHeaders\GameObjects</Filter>
    </ClInclude>
    <ClInclude Include="CollisionDetectionComponent.h">
      <Filter>AddedHeaders\Components</Filter>
    </ClInclude>
    <ClInclude Include="CollisionResolutionComponent.h">
      <Filter>AddedHeaders\Components</Filter>
    </ClInclude>
    <ClInclude Include="Component.h">
      <Filter>AddedHeaders\Components</Filter>
    </ClInclude>
    <ClInclude Include="InputComponent.h">
      <Filter>AddedHeaders\Components</Filter>
    </ClInclude>
    <ClInclude Include="PhysicsComponent.h">
      <Filter>AddedHeaders\Components</Filter>
    </ClInclude>
    <ClInclude Include="GameObject.h">
      <Filter>AddedHeaders\GameObjects</Filter>
    </ClInclude>
    <ClInclude Include="ScoreManager.h">
      <Filter>AddedHeaders\Managers</Filter>
    </ClInclude>
    <ClInclude Include="MapGenerator.h">
      <Filter>AddedHeaders\Managers</Filter>
    </ClInclude>
    <ClInclude Include="ColliderManager.h">
      <Filter>AddedHeaders\Managers</Filter>
    </ClInclude>
    <ClInclude Include="LoadMario.h">
      <Filter>AddedHeaders\Managers</Filter>
    </ClInclude>
    <ClInclude Include="SaveMario.h">
      <Filter>AddedHeaders\Managers</Filter>
    </ClInclude>
    <ClInclude Include="LevelSelect.h">
      <Filter>AddedHeaders\Scenes</Filter>
    </ClInclude>
    <ClInclude Include="LevelEditor.h">
      <Filter>AddedHeaders\Scenes</Filter>
    </ClInclude>
  </ItemGroup>
  <ItemGroup>
    <Filter Include="Base">
      <UniqueIdentifier>{2f03e7a0-53a2-4af9-a41e-6d5999ee995a}</UniqueIdentifier>
    </Filter>
    <Filter Include="AddedHeaders">
      <UniqueIdentifier>{fb4b1b8c-0a43-41e7-8a9b-ca4c8cd13db0}</UniqueIdentifier>
    </Filter>
    <Filter Include="Source">
      <UniqueIdentifier>{1e576d65-e856-4114-9336-4e1422d54717}</UniqueIdentifier>
    </Filter>
    <Filter Include="AddedHeaders\Scenes">
      <UniqueIdentifier>{fb72b58d-37e0-4f49-af07-56e4ae4280c7}</UniqueIdentifier>
    </Filter>
    <Filter Include="AddedHeaders\GameObjects">
      <UniqueIdentifier>{c5d659da-c20d-4c6f-98ea-18d7f393a386}</UniqueIdentifier>
    </Filter>
    <Filter Include="AddedHeaders\Components">
      <UniqueIdentifier>{20bd1d3b-8f79-4bdf-a379-43d89b06bb2e}</UniqueIdentifier>
    </Filter>
    <Filter Include="AddedHeaders\Managers">
      <UniqueIdentifier>{cd7b74ff-4f1f-4f93-a0eb-77fdd1fee4e0}</UniqueIdentifier>
    </Filter>
  </ItemGroup>
</Project>